// !$*UTF8*$!
{
	archiveVersion = 1;
	classes = {
	};
	objectVersion = 46;
	objects = {

/* Begin PBXBuildFile section */
		C175FD31193CE32B00CE7C66 /* Foundation.framework in Frameworks */ = {isa = PBXBuildFile; fileRef = C175FD30193CE32B00CE7C66 /* Foundation.framework */; };
		C175FD33193CE32B00CE7C66 /* CoreGraphics.framework in Frameworks */ = {isa = PBXBuildFile; fileRef = C175FD32193CE32B00CE7C66 /* CoreGraphics.framework */; };
		C175FD35193CE32B00CE7C66 /* UIKit.framework in Frameworks */ = {isa = PBXBuildFile; fileRef = C175FD34193CE32B00CE7C66 /* UIKit.framework */; };
		C175FD3B193CE32B00CE7C66 /* InfoPlist.strings in Resources */ = {isa = PBXBuildFile; fileRef = C175FD39193CE32B00CE7C66 /* InfoPlist.strings */; };
		C175FD3D193CE32B00CE7C66 /* main.m in Sources */ = {isa = PBXBuildFile; fileRef = C175FD3C193CE32B00CE7C66 /* main.m */; };
		C175FD41193CE32B00CE7C66 /* AppDelegate.m in Sources */ = {isa = PBXBuildFile; fileRef = C175FD40193CE32B00CE7C66 /* AppDelegate.m */; };
		C175FD43193CE32B00CE7C66 /* Images.xcassets in Resources */ = {isa = PBXBuildFile; fileRef = C175FD42193CE32B00CE7C66 /* Images.xcassets */; };
		C175FD4A193CE32B00CE7C66 /* XCTest.framework in Frameworks */ = {isa = PBXBuildFile; fileRef = C175FD49193CE32B00CE7C66 /* XCTest.framework */; };
		C175FD4B193CE32B00CE7C66 /* Foundation.framework in Frameworks */ = {isa = PBXBuildFile; fileRef = C175FD30193CE32B00CE7C66 /* Foundation.framework */; };
		C175FD4C193CE32B00CE7C66 /* UIKit.framework in Frameworks */ = {isa = PBXBuildFile; fileRef = C175FD34193CE32B00CE7C66 /* UIKit.framework */; };
		C175FD54193CE32B00CE7C66 /* InfoPlist.strings in Resources */ = {isa = PBXBuildFile; fileRef = C175FD52193CE32B00CE7C66 /* InfoPlist.strings */; };
		C175FD56193CE32B00CE7C66 /* UTARadioIphoneTests.m in Sources */ = {isa = PBXBuildFile; fileRef = C175FD55193CE32B00CE7C66 /* UTARadioIphoneTests.m */; };
		C175FD61193CF09000CE7C66 /* SwipeTableViewController.m in Sources */ = {isa = PBXBuildFile; fileRef = C175FD60193CF09000CE7C66 /* SwipeTableViewController.m */; };
		C175FD74193D038600CE7C66 /* SongRequestViewController.m in Sources */ = {isa = PBXBuildFile; fileRef = C175FD72193D038600CE7C66 /* SongRequestViewController.m */; };
		C175FD75193D038600CE7C66 /* SongRequestViewController.xib in Resources */ = {isa = PBXBuildFile; fileRef = C175FD73193D038600CE7C66 /* SongRequestViewController.xib */; };
		C175FD7A193D059200CE7C66 /* StaffViewController.m in Sources */ = {isa = PBXBuildFile; fileRef = C175FD78193D059200CE7C66 /* StaffViewController.m */; };
		C175FD7B193D059200CE7C66 /* StaffViewController.xib in Resources */ = {isa = PBXBuildFile; fileRef = C175FD79193D059200CE7C66 /* StaffViewController.xib */; };
		C1A9ECF1193FEEC60034B3C5 /* ContactUsViewController.m in Sources */ = {isa = PBXBuildFile; fileRef = C1A9ECEF193FEEC60034B3C5 /* ContactUsViewController.m */; };
		C1A9ECF2193FEEC60034B3C5 /* ContactUsViewController.xib in Resources */ = {isa = PBXBuildFile; fileRef = C1A9ECF0193FEEC60034B3C5 /* ContactUsViewController.xib */; };
		C1A9ECF6193FF7B00034B3C5 /* fb_logo_50.png in Resources */ = {isa = PBXBuildFile; fileRef = C1A9ECF5193FF7B00034B3C5 /* fb_logo_50.png */; };
		C1A9ECF8193FF8450034B3C5 /* Twitter_logo_blue.png in Resources */ = {isa = PBXBuildFile; fileRef = C1A9ECF7193FF8450034B3C5 /* Twitter_logo_blue.png */; };
		C1A9ECFB193FFA6A0034B3C5 /* uta_radio_logo_transparent.png in Resources */ = {isa = PBXBuildFile; fileRef = C1A9ECFA193FFA6A0034B3C5 /* uta_radio_logo_transparent.png */; };
		C1AB84ED1940F76A00F2FEAD /* MarqueeLabel.m in Sources */ = {isa = PBXBuildFile; fileRef = C1AB84EC1940F76A00F2FEAD /* MarqueeLabel.m */; };
		C1AEDE18193EF8E400067348 /* SocialViewController.m in Sources */ = {isa = PBXBuildFile; fileRef = C1AEDE16193EF8E400067348 /* SocialViewController.m */; };
		C1AEDE19193EF8E400067348 /* SocialViewController.xib in Resources */ = {isa = PBXBuildFile; fileRef = C1AEDE17193EF8E400067348 /* SocialViewController.xib */; };
		C1B04A6D193D2CB100B9A7F1 /* AudioPlayerSingleton.m in Sources */ = {isa = PBXBuildFile; fileRef = C1B04A6C193D2CB100B9A7F1 /* AudioPlayerSingleton.m */; };
		C1B150331940309B005656E2 /* Parse.framework in Frameworks */ = {isa = PBXBuildFile; fileRef = C1B150321940309B005656E2 /* Parse.framework */; };
		C1B1503519403107005656E2 /* AudioToolbox.framework in Frameworks */ = {isa = PBXBuildFile; fileRef = C1B1503419403107005656E2 /* AudioToolbox.framework */; };
		C1B150371940310D005656E2 /* CFNetwork.framework in Frameworks */ = {isa = PBXBuildFile; fileRef = C1B150361940310D005656E2 /* CFNetwork.framework */; };
		C1B1503919403117005656E2 /* CoreLocation.framework in Frameworks */ = {isa = PBXBuildFile; fileRef = C1B1503819403117005656E2 /* CoreLocation.framework */; };
		C1B1503B19403121005656E2 /* libz.dylib in Frameworks */ = {isa = PBXBuildFile; fileRef = C1B1503A19403121005656E2 /* libz.dylib */; };
		C1B1503D19403129005656E2 /* MobileCoreServices.framework in Frameworks */ = {isa = PBXBuildFile; fileRef = C1B1503C19403129005656E2 /* MobileCoreServices.framework */; };
		C1B1503F1940312E005656E2 /* QuartzCore.framework in Frameworks */ = {isa = PBXBuildFile; fileRef = C1B1503E1940312E005656E2 /* QuartzCore.framework */; };
		C1B1504119403137005656E2 /* Security.framework in Frameworks */ = {isa = PBXBuildFile; fileRef = C1B1504019403137005656E2 /* Security.framework */; };
		C1B150431940313F005656E2 /* StoreKit.framework in Frameworks */ = {isa = PBXBuildFile; fileRef = C1B150421940313F005656E2 /* StoreKit.framework */; };
		C1B1504519403145005656E2 /* SystemConfiguration.framework in Frameworks */ = {isa = PBXBuildFile; fileRef = C1B1504419403145005656E2 /* SystemConfiguration.framework */; };
		C1B15048194031CD005656E2 /* ParseKey.m in Sources */ = {isa = PBXBuildFile; fileRef = C1B15047194031CD005656E2 /* ParseKey.m */; };
		C1B1508F19404DA1005656E2 /* XMLReader.m in Sources */ = {isa = PBXBuildFile; fileRef = C1B1508E19404DA1005656E2 /* XMLReader.m */; };
		C1F00F88193D0AB200135240 /* MediaPlayer.framework in Frameworks */ = {isa = PBXBuildFile; fileRef = C1F00F87193D0AB200135240 /* MediaPlayer.framework */; };
		C1F00F8A193D0ABA00135240 /* AVFoundation.framework in Frameworks */ = {isa = PBXBuildFile; fileRef = C1F00F89193D0ABA00135240 /* AVFoundation.framework */; };
		C1F00F8C193D0AC900135240 /* CoreMedia.framework in Frameworks */ = {isa = PBXBuildFile; fileRef = C1F00F8B193D0AC900135240 /* CoreMedia.framework */; };
		C1F00F9B193D1C6500135240 /* HomeViewController.m in Sources */ = {isa = PBXBuildFile; fileRef = C1F00F99193D1C6500135240 /* HomeViewController.m */; };
		C1F00F9C193D1C6500135240 /* HomeViewController.xib in Resources */ = {isa = PBXBuildFile; fileRef = C1F00F9A193D1C6500135240 /* HomeViewController.xib */; };
/* End PBXBuildFile section */

/* Begin PBXContainerItemProxy section */
		C175FD4D193CE32B00CE7C66 /* PBXContainerItemProxy */ = {
			isa = PBXContainerItemProxy;
			containerPortal = C175FD25193CE32A00CE7C66 /* Project object */;
			proxyType = 1;
			remoteGlobalIDString = C175FD2C193CE32B00CE7C66;
			remoteInfo = UTARadioIphone;
		};
/* End PBXContainerItemProxy section */

/* Begin PBXFileReference section */
		C175FD2D193CE32B00CE7C66 /* UTARadioIphone.app */ = {isa = PBXFileReference; explicitFileType = wrapper.application; includeInIndex = 0; path = UTARadioIphone.app; sourceTree = BUILT_PRODUCTS_DIR; };
		C175FD30193CE32B00CE7C66 /* Foundation.framework */ = {isa = PBXFileReference; lastKnownFileType = wrapper.framework; name = Foundation.framework; path = System/Library/Frameworks/Foundation.framework; sourceTree = SDKROOT; };
		C175FD32193CE32B00CE7C66 /* CoreGraphics.framework */ = {isa = PBXFileReference; lastKnownFileType = wrapper.framework; name = CoreGraphics.framework; path = System/Library/Frameworks/CoreGraphics.framework; sourceTree = SDKROOT; };
		C175FD34193CE32B00CE7C66 /* UIKit.framework */ = {isa = PBXFileReference; lastKnownFileType = wrapper.framework; name = UIKit.framework; path = System/Library/Frameworks/UIKit.framework; sourceTree = SDKROOT; };
		C175FD38193CE32B00CE7C66 /* UTARadioIphone-Info.plist */ = {isa = PBXFileReference; lastKnownFileType = text.plist.xml; path = "UTARadioIphone-Info.plist"; sourceTree = "<group>"; };
		C175FD3A193CE32B00CE7C66 /* en */ = {isa = PBXFileReference; lastKnownFileType = text.plist.strings; name = en; path = en.lproj/InfoPlist.strings; sourceTree = "<group>"; };
		C175FD3C193CE32B00CE7C66 /* main.m */ = {isa = PBXFileReference; lastKnownFileType = sourcecode.c.objc; path = main.m; sourceTree = "<group>"; };
		C175FD3E193CE32B00CE7C66 /* UTARadioIphone-Prefix.pch */ = {isa = PBXFileReference; lastKnownFileType = sourcecode.c.h; path = "UTARadioIphone-Prefix.pch"; sourceTree = "<group>"; };
		C175FD3F193CE32B00CE7C66 /* AppDelegate.h */ = {isa = PBXFileReference; lastKnownFileType = sourcecode.c.h; path = AppDelegate.h; sourceTree = "<group>"; };
		C175FD40193CE32B00CE7C66 /* AppDelegate.m */ = {isa = PBXFileReference; lastKnownFileType = sourcecode.c.objc; path = AppDelegate.m; sourceTree = "<group>"; };
		C175FD42193CE32B00CE7C66 /* Images.xcassets */ = {isa = PBXFileReference; lastKnownFileType = folder.assetcatalog; path = Images.xcassets; sourceTree = "<group>"; };
		C175FD48193CE32B00CE7C66 /* UTARadioIphoneTests.xctest */ = {isa = PBXFileReference; explicitFileType = wrapper.cfbundle; includeInIndex = 0; path = UTARadioIphoneTests.xctest; sourceTree = BUILT_PRODUCTS_DIR; };
		C175FD49193CE32B00CE7C66 /* XCTest.framework */ = {isa = PBXFileReference; lastKnownFileType = wrapper.framework; name = XCTest.framework; path = Library/Frameworks/XCTest.framework; sourceTree = DEVELOPER_DIR; };
		C175FD51193CE32B00CE7C66 /* UTARadioIphoneTests-Info.plist */ = {isa = PBXFileReference; lastKnownFileType = text.plist.xml; path = "UTARadioIphoneTests-Info.plist"; sourceTree = "<group>"; };
		C175FD53193CE32B00CE7C66 /* en */ = {isa = PBXFileReference; lastKnownFileType = text.plist.strings; name = en; path = en.lproj/InfoPlist.strings; sourceTree = "<group>"; };
		C175FD55193CE32B00CE7C66 /* UTARadioIphoneTests.m */ = {isa = PBXFileReference; lastKnownFileType = sourcecode.c.objc; path = UTARadioIphoneTests.m; sourceTree = "<group>"; };
		C175FD5F193CF09000CE7C66 /* SwipeTableViewController.h */ = {isa = PBXFileReference; fileEncoding = 4; lastKnownFileType = sourcecode.c.h; path = SwipeTableViewController.h; sourceTree = "<group>"; };
		C175FD60193CF09000CE7C66 /* SwipeTableViewController.m */ = {isa = PBXFileReference; fileEncoding = 4; lastKnownFileType = sourcecode.c.objc; path = SwipeTableViewController.m; sourceTree = "<group>"; };
		C175FD71193D038600CE7C66 /* SongRequestViewController.h */ = {isa = PBXFileReference; fileEncoding = 4; lastKnownFileType = sourcecode.c.h; path = SongRequestViewController.h; sourceTree = "<group>"; };
		C175FD72193D038600CE7C66 /* SongRequestViewController.m */ = {isa = PBXFileReference; fileEncoding = 4; lastKnownFileType = sourcecode.c.objc; path = SongRequestViewController.m; sourceTree = "<group>"; };
		C175FD73193D038600CE7C66 /* SongRequestViewController.xib */ = {isa = PBXFileReference; fileEncoding = 4; lastKnownFileType = file.xib; path = SongRequestViewController.xib; sourceTree = "<group>"; };
		C175FD77193D059200CE7C66 /* StaffViewController.h */ = {isa = PBXFileReference; fileEncoding = 4; lastKnownFileType = sourcecode.c.h; path = StaffViewController.h; sourceTree = "<group>"; };
		C175FD78193D059200CE7C66 /* StaffViewController.m */ = {isa = PBXFileReference; fileEncoding = 4; lastKnownFileType = sourcecode.c.objc; path = StaffViewController.m; sourceTree = "<group>"; };
		C175FD79193D059200CE7C66 /* StaffViewController.xib */ = {isa = PBXFileReference; fileEncoding = 4; lastKnownFileType = file.xib; path = StaffViewController.xib; sourceTree = "<group>"; };
		C1A9ECEE193FEEC60034B3C5 /* ContactUsViewController.h */ = {isa = PBXFileReference; fileEncoding = 4; lastKnownFileType = sourcecode.c.h; path = ContactUsViewController.h; sourceTree = "<group>"; };
		C1A9ECEF193FEEC60034B3C5 /* ContactUsViewController.m */ = {isa = PBXFileReference; fileEncoding = 4; lastKnownFileType = sourcecode.c.objc; path = ContactUsViewController.m; sourceTree = "<group>"; };
		C1A9ECF0193FEEC60034B3C5 /* ContactUsViewController.xib */ = {isa = PBXFileReference; fileEncoding = 4; lastKnownFileType = file.xib; path = ContactUsViewController.xib; sourceTree = "<group>"; };
		C1A9ECF5193FF7B00034B3C5 /* fb_logo_50.png */ = {isa = PBXFileReference; lastKnownFileType = image.png; path = fb_logo_50.png; sourceTree = "<group>"; };
		C1A9ECF7193FF8450034B3C5 /* Twitter_logo_blue.png */ = {isa = PBXFileReference; lastKnownFileType = image.png; path = Twitter_logo_blue.png; sourceTree = "<group>"; };
		C1A9ECFA193FFA6A0034B3C5 /* uta_radio_logo_transparent.png */ = {isa = PBXFileReference; lastKnownFileType = image.png; path = uta_radio_logo_transparent.png; sourceTree = "<group>"; };
		C1AB84EB1940F76A00F2FEAD /* MarqueeLabel.h */ = {isa = PBXFileReference; fileEncoding = 4; lastKnownFileType = sourcecode.c.h; path = MarqueeLabel.h; sourceTree = "<group>"; };
		C1AB84EC1940F76A00F2FEAD /* MarqueeLabel.m */ = {isa = PBXFileReference; fileEncoding = 4; lastKnownFileType = sourcecode.c.objc; path = MarqueeLabel.m; sourceTree = "<group>"; };
		C1AEDE15193EF8E400067348 /* SocialViewController.h */ = {isa = PBXFileReference; fileEncoding = 4; lastKnownFileType = sourcecode.c.h; path = SocialViewController.h; sourceTree = "<group>"; };
		C1AEDE16193EF8E400067348 /* SocialViewController.m */ = {isa = PBXFileReference; fileEncoding = 4; lastKnownFileType = sourcecode.c.objc; path = SocialViewController.m; sourceTree = "<group>"; };
		C1AEDE17193EF8E400067348 /* SocialViewController.xib */ = {isa = PBXFileReference; fileEncoding = 4; lastKnownFileType = file.xib; path = SocialViewController.xib; sourceTree = "<group>"; };
		C1B04A6B193D2CB100B9A7F1 /* AudioPlayerSingleton.h */ = {isa = PBXFileReference; fileEncoding = 4; lastKnownFileType = sourcecode.c.h; path = AudioPlayerSingleton.h; sourceTree = "<group>"; };
		C1B04A6C193D2CB100B9A7F1 /* AudioPlayerSingleton.m */ = {isa = PBXFileReference; fileEncoding = 4; lastKnownFileType = sourcecode.c.objc; path = AudioPlayerSingleton.m; sourceTree = "<group>"; };
		C1B150321940309B005656E2 /* Parse.framework */ = {isa = PBXFileReference; lastKnownFileType = wrapper.framework; path = Parse.framework; sourceTree = "<group>"; };
		C1B1503419403107005656E2 /* AudioToolbox.framework */ = {isa = PBXFileReference; lastKnownFileType = wrapper.framework; name = AudioToolbox.framework; path = System/Library/Frameworks/AudioToolbox.framework; sourceTree = SDKROOT; };
		C1B150361940310D005656E2 /* CFNetwork.framework */ = {isa = PBXFileReference; lastKnownFileType = wrapper.framework; name = CFNetwork.framework; path = System/Library/Frameworks/CFNetwork.framework; sourceTree = SDKROOT; };
		C1B1503819403117005656E2 /* CoreLocation.framework */ = {isa = PBXFileReference; lastKnownFileType = wrapper.framework; name = CoreLocation.framework; path = System/Library/Frameworks/CoreLocation.framework; sourceTree = SDKROOT; };
		C1B1503A19403121005656E2 /* libz.dylib */ = {isa = PBXFileReference; lastKnownFileType = "compiled.mach-o.dylib"; name = libz.dylib; path = usr/lib/libz.dylib; sourceTree = SDKROOT; };
		C1B1503C19403129005656E2 /* MobileCoreServices.framework */ = {isa = PBXFileReference; lastKnownFileType = wrapper.framework; name = MobileCoreServices.framework; path = System/Library/Frameworks/MobileCoreServices.framework; sourceTree = SDKROOT; };
		C1B1503E1940312E005656E2 /* QuartzCore.framework */ = {isa = PBXFileReference; lastKnownFileType = wrapper.framework; name = QuartzCore.framework; path = System/Library/Frameworks/QuartzCore.framework; sourceTree = SDKROOT; };
		C1B1504019403137005656E2 /* Security.framework */ = {isa = PBXFileReference; lastKnownFileType = wrapper.framework; name = Security.framework; path = System/Library/Frameworks/Security.framework; sourceTree = SDKROOT; };
		C1B150421940313F005656E2 /* StoreKit.framework */ = {isa = PBXFileReference; lastKnownFileType = wrapper.framework; name = StoreKit.framework; path = System/Library/Frameworks/StoreKit.framework; sourceTree = SDKROOT; };
		C1B1504419403145005656E2 /* SystemConfiguration.framework */ = {isa = PBXFileReference; lastKnownFileType = wrapper.framework; name = SystemConfiguration.framework; path = System/Library/Frameworks/SystemConfiguration.framework; sourceTree = SDKROOT; };
		C1B15046194031CD005656E2 /* ParseKey.h */ = {isa = PBXFileReference; fileEncoding = 4; lastKnownFileType = sourcecode.c.h; path = ParseKey.h; sourceTree = "<group>"; };
		C1B15047194031CD005656E2 /* ParseKey.m */ = {isa = PBXFileReference; fileEncoding = 4; lastKnownFileType = sourcecode.c.objc; path = ParseKey.m; sourceTree = "<group>"; };
		C1B1508D19404DA1005656E2 /* XMLReader.h */ = {isa = PBXFileReference; fileEncoding = 4; lastKnownFileType = sourcecode.c.h; path = XMLReader.h; sourceTree = "<group>"; };
		C1B1508E19404DA1005656E2 /* XMLReader.m */ = {isa = PBXFileReference; fileEncoding = 4; lastKnownFileType = sourcecode.c.objc; path = XMLReader.m; sourceTree = "<group>"; };
		C1F00F87193D0AB200135240 /* MediaPlayer.framework */ = {isa = PBXFileReference; lastKnownFileType = wrapper.framework; name = MediaPlayer.framework; path = System/Library/Frameworks/MediaPlayer.framework; sourceTree = SDKROOT; };
		C1F00F89193D0ABA00135240 /* AVFoundation.framework */ = {isa = PBXFileReference; lastKnownFileType = wrapper.framework; name = AVFoundation.framework; path = System/Library/Frameworks/AVFoundation.framework; sourceTree = SDKROOT; };
		C1F00F8B193D0AC900135240 /* CoreMedia.framework */ = {isa = PBXFileReference; lastKnownFileType = wrapper.framework; name = CoreMedia.framework; path = System/Library/Frameworks/CoreMedia.framework; sourceTree = SDKROOT; };
		C1F00F98193D1C6500135240 /* HomeViewController.h */ = {isa = PBXFileReference; fileEncoding = 4; lastKnownFileType = sourcecode.c.h; path = HomeViewController.h; sourceTree = "<group>"; };
		C1F00F99193D1C6500135240 /* HomeViewController.m */ = {isa = PBXFileReference; fileEncoding = 4; lastKnownFileType = sourcecode.c.objc; path = HomeViewController.m; sourceTree = "<group>"; };
		C1F00F9A193D1C6500135240 /* HomeViewController.xib */ = {isa = PBXFileReference; fileEncoding = 4; lastKnownFileType = file.xib; path = HomeViewController.xib; sourceTree = "<group>"; };
/* End PBXFileReference section */

/* Begin PBXFrameworksBuildPhase section */
		C175FD2A193CE32B00CE7C66 /* Frameworks */ = {
			isa = PBXFrameworksBuildPhase;
			buildActionMask = 2147483647;
			files = (
				C1B1504519403145005656E2 /* SystemConfiguration.framework in Frameworks */,
				C1B150431940313F005656E2 /* StoreKit.framework in Frameworks */,
				C1B1504119403137005656E2 /* Security.framework in Frameworks */,
				C1B1503F1940312E005656E2 /* QuartzCore.framework in Frameworks */,
				C1B1503D19403129005656E2 /* MobileCoreServices.framework in Frameworks */,
				C1B1503B19403121005656E2 /* libz.dylib in Frameworks */,
				C1B1503919403117005656E2 /* CoreLocation.framework in Frameworks */,
				C1B150371940310D005656E2 /* CFNetwork.framework in Frameworks */,
				C1B1503519403107005656E2 /* AudioToolbox.framework in Frameworks */,
				C1F00F8C193D0AC900135240 /* CoreMedia.framework in Frameworks */,
				C1F00F8A193D0ABA00135240 /* AVFoundation.framework in Frameworks */,
				C1F00F88193D0AB200135240 /* MediaPlayer.framework in Frameworks */,
				C1B150331940309B005656E2 /* Parse.framework in Frameworks */,
				C175FD33193CE32B00CE7C66 /* CoreGraphics.framework in Frameworks */,
				C175FD35193CE32B00CE7C66 /* UIKit.framework in Frameworks */,
				C175FD31193CE32B00CE7C66 /* Foundation.framework in Frameworks */,
			);
			runOnlyForDeploymentPostprocessing = 0;
		};
		C175FD45193CE32B00CE7C66 /* Frameworks */ = {
			isa = PBXFrameworksBuildPhase;
			buildActionMask = 2147483647;
			files = (
				C175FD4A193CE32B00CE7C66 /* XCTest.framework in Frameworks */,
				C175FD4C193CE32B00CE7C66 /* UIKit.framework in Frameworks */,
				C175FD4B193CE32B00CE7C66 /* Foundation.framework in Frameworks */,
			);
			runOnlyForDeploymentPostprocessing = 0;
		};
/* End PBXFrameworksBuildPhase section */

/* Begin PBXGroup section */
		C175FD24193CE32A00CE7C66 = {
			isa = PBXGroup;
			children = (
				C175FD36193CE32B00CE7C66 /* UTARadioIphone */,
				C175FD4F193CE32B00CE7C66 /* UTARadioIphoneTests */,
				C175FD2F193CE32B00CE7C66 /* Frameworks */,
				C175FD2E193CE32B00CE7C66 /* Products */,
			);
			sourceTree = "<group>";
		};
		C175FD2E193CE32B00CE7C66 /* Products */ = {
			isa = PBXGroup;
			children = (
				C175FD2D193CE32B00CE7C66 /* UTARadioIphone.app */,
				C175FD48193CE32B00CE7C66 /* UTARadioIphoneTests.xctest */,
			);
			name = Products;
			sourceTree = "<group>";
		};
		C175FD2F193CE32B00CE7C66 /* Frameworks */ = {
			isa = PBXGroup;
			children = (
				C1B1504419403145005656E2 /* SystemConfiguration.framework */,
				C1B150421940313F005656E2 /* StoreKit.framework */,
				C1B1504019403137005656E2 /* Security.framework */,
				C1B1503E1940312E005656E2 /* QuartzCore.framework */,
				C1B1503C19403129005656E2 /* MobileCoreServices.framework */,
				C1B1503A19403121005656E2 /* libz.dylib */,
				C1B1503819403117005656E2 /* CoreLocation.framework */,
				C1B150361940310D005656E2 /* CFNetwork.framework */,
				C1B1503419403107005656E2 /* AudioToolbox.framework */,
				C1B150321940309B005656E2 /* Parse.framework */,
				C1F00F8B193D0AC900135240 /* CoreMedia.framework */,
				C1F00F89193D0ABA00135240 /* AVFoundation.framework */,
				C1F00F87193D0AB200135240 /* MediaPlayer.framework */,
				C175FD30193CE32B00CE7C66 /* Foundation.framework */,
				C175FD32193CE32B00CE7C66 /* CoreGraphics.framework */,
				C175FD34193CE32B00CE7C66 /* UIKit.framework */,
				C175FD49193CE32B00CE7C66 /* XCTest.framework */,
			);
			name = Frameworks;
			sourceTree = "<group>";
		};
		C175FD36193CE32B00CE7C66 /* UTARadioIphone */ = {
			isa = PBXGroup;
			children = (
				C1AB84EA1940F75B00F2FEAD /* marqueelib */,
				C1B15090194050CB005656E2 /* images */,
				C1B1508C19404D95005656E2 /* xmlparserlib */,
				C1A9ECED193FEEB80034B3C5 /* Contact */,
				C1AEDE14193EF8D400067348 /* Social */,
				C1B04A6A193D2A2000B9A7F1 /* AudioPlayerSingleton */,
				C175FD76193D057A00CE7C66 /* Staff */,
				C175FD6D193D02D600CE7C66 /* RequestSong */,
				C175FD63193CF99B00CE7C66 /* Home */,
				C175FD62193CF98B00CE7C66 /* SwipeController */,
				C175FD3F193CE32B00CE7C66 /* AppDelegate.h */,
				C175FD40193CE32B00CE7C66 /* AppDelegate.m */,
				C1B15046194031CD005656E2 /* ParseKey.h */,
				C1B15047194031CD005656E2 /* ParseKey.m */,
				C175FD42193CE32B00CE7C66 /* Images.xcassets */,
				C175FD37193CE32B00CE7C66 /* Supporting Files */,
			);
			path = UTARadioIphone;
			sourceTree = "<group>";
		};
		C175FD37193CE32B00CE7C66 /* Supporting Files */ = {
			isa = PBXGroup;
			children = (
				C175FD38193CE32B00CE7C66 /* UTARadioIphone-Info.plist */,
				C175FD39193CE32B00CE7C66 /* InfoPlist.strings */,
				C175FD3C193CE32B00CE7C66 /* main.m */,
				C175FD3E193CE32B00CE7C66 /* UTARadioIphone-Prefix.pch */,
			);
			name = "Supporting Files";
			sourceTree = "<group>";
		};
		C175FD4F193CE32B00CE7C66 /* UTARadioIphoneTests */ = {
			isa = PBXGroup;
			children = (
				C175FD55193CE32B00CE7C66 /* UTARadioIphoneTests.m */,
				C175FD50193CE32B00CE7C66 /* Supporting Files */,
			);
			path = UTARadioIphoneTests;
			sourceTree = "<group>";
		};
		C175FD50193CE32B00CE7C66 /* Supporting Files */ = {
			isa = PBXGroup;
			children = (
				C175FD51193CE32B00CE7C66 /* UTARadioIphoneTests-Info.plist */,
				C175FD52193CE32B00CE7C66 /* InfoPlist.strings */,
			);
			name = "Supporting Files";
			sourceTree = "<group>";
		};
		C175FD62193CF98B00CE7C66 /* SwipeController */ = {
			isa = PBXGroup;
			children = (
				C175FD5F193CF09000CE7C66 /* SwipeTableViewController.h */,
				C175FD60193CF09000CE7C66 /* SwipeTableViewController.m */,
			);
			name = SwipeController;
			sourceTree = "<group>";
		};
		C175FD63193CF99B00CE7C66 /* Home */ = {
			isa = PBXGroup;
			children = (
				C1F00F98193D1C6500135240 /* HomeViewController.h */,
				C1F00F99193D1C6500135240 /* HomeViewController.m */,
				C1F00F9A193D1C6500135240 /* HomeViewController.xib */,
			);
			name = Home;
			sourceTree = "<group>";
		};
		C175FD6D193D02D600CE7C66 /* RequestSong */ = {
			isa = PBXGroup;
			children = (
				C175FD71193D038600CE7C66 /* SongRequestViewController.h */,
				C175FD72193D038600CE7C66 /* SongRequestViewController.m */,
				C175FD73193D038600CE7C66 /* SongRequestViewController.xib */,
			);
			name = RequestSong;
			sourceTree = "<group>";
		};
		C175FD76193D057A00CE7C66 /* Staff */ = {
			isa = PBXGroup;
			children = (
				C175FD77193D059200CE7C66 /* StaffViewController.h */,
				C175FD78193D059200CE7C66 /* StaffViewController.m */,
				C175FD79193D059200CE7C66 /* StaffViewController.xib */,
			);
			name = Staff;
			sourceTree = "<group>";
		};
		C1A9ECED193FEEB80034B3C5 /* Contact */ = {
			isa = PBXGroup;
			children = (
				C1A9ECEE193FEEC60034B3C5 /* ContactUsViewController.h */,
				C1A9ECEF193FEEC60034B3C5 /* ContactUsViewController.m */,
				C1A9ECF0193FEEC60034B3C5 /* ContactUsViewController.xib */,
			);
			name = Contact;
			sourceTree = "<group>";
		};
		C1AB84EA1940F75B00F2FEAD /* marqueelib */ = {
			isa = PBXGroup;
			children = (
				C1AB84EB1940F76A00F2FEAD /* MarqueeLabel.h */,
				C1AB84EC1940F76A00F2FEAD /* MarqueeLabel.m */,
			);
			name = marqueelib;
			sourceTree = "<group>";
		};
		C1AEDE14193EF8D400067348 /* Social */ = {
			isa = PBXGroup;
			children = (
				C1AEDE15193EF8E400067348 /* SocialViewController.h */,
				C1AEDE16193EF8E400067348 /* SocialViewController.m */,
				C1AEDE17193EF8E400067348 /* SocialViewController.xib */,
			);
			name = Social;
			sourceTree = "<group>";
		};
		C1B04A6A193D2A2000B9A7F1 /* AudioPlayerSingleton */ = {
			isa = PBXGroup;
			children = (
				C1B04A6B193D2CB100B9A7F1 /* AudioPlayerSingleton.h */,
				C1B04A6C193D2CB100B9A7F1 /* AudioPlayerSingleton.m */,
			);
			name = AudioPlayerSingleton;
			sourceTree = "<group>";
		};
		C1B1508C19404D95005656E2 /* xmlparserlib */ = {
			isa = PBXGroup;
			children = (
				C1B1508D19404DA1005656E2 /* XMLReader.h */,
				C1B1508E19404DA1005656E2 /* XMLReader.m */,
			);
			name = xmlparserlib;
			sourceTree = "<group>";
		};
		C1B15090194050CB005656E2 /* images */ = {
			isa = PBXGroup;
			children = (
				C1A9ECF7193FF8450034B3C5 /* Twitter_logo_blue.png */,
				C1A9ECF5193FF7B00034B3C5 /* fb_logo_50.png */,
				C1A9ECFA193FFA6A0034B3C5 /* uta_radio_logo_transparent.png */,
			);
			name = images;
			sourceTree = "<group>";
		};
/* End PBXGroup section */

/* Begin PBXNativeTarget section */
		C175FD2C193CE32B00CE7C66 /* UTARadioIphone */ = {
			isa = PBXNativeTarget;
			buildConfigurationList = C175FD59193CE32B00CE7C66 /* Build configuration list for PBXNativeTarget "UTARadioIphone" */;
			buildPhases = (
				C175FD29193CE32B00CE7C66 /* Sources */,
				C175FD2A193CE32B00CE7C66 /* Frameworks */,
				C175FD2B193CE32B00CE7C66 /* Resources */,
			);
			buildRules = (
			);
			dependencies = (
			);
			name = UTARadioIphone;
			productName = UTARadioIphone;
			productReference = C175FD2D193CE32B00CE7C66 /* UTARadioIphone.app */;
			productType = "com.apple.product-type.application";
		};
		C175FD47193CE32B00CE7C66 /* UTARadioIphoneTests */ = {
			isa = PBXNativeTarget;
			buildConfigurationList = C175FD5C193CE32B00CE7C66 /* Build configuration list for PBXNativeTarget "UTARadioIphoneTests" */;
			buildPhases = (
				C175FD44193CE32B00CE7C66 /* Sources */,
				C175FD45193CE32B00CE7C66 /* Frameworks */,
				C175FD46193CE32B00CE7C66 /* Resources */,
			);
			buildRules = (
			);
			dependencies = (
				C175FD4E193CE32B00CE7C66 /* PBXTargetDependency */,
			);
			name = UTARadioIphoneTests;
			productName = UTARadioIphoneTests;
			productReference = C175FD48193CE32B00CE7C66 /* UTARadioIphoneTests.xctest */;
			productType = "com.apple.product-type.bundle.unit-test";
		};
/* End PBXNativeTarget section */

/* Begin PBXProject section */
		C175FD25193CE32A00CE7C66 /* Project object */ = {
			isa = PBXProject;
			attributes = {
				LastUpgradeCheck = 0510;
				ORGANIZATIONNAME = com.mobi;
				TargetAttributes = {
					C175FD2C193CE32B00CE7C66 = {
						DevelopmentTeam = D782EMYT99;
						SystemCapabilities = {
							com.apple.BackgroundModes = {
								enabled = 1;
							};
						};
					};
					C175FD47193CE32B00CE7C66 = {
						TestTargetID = C175FD2C193CE32B00CE7C66;
					};
				};
			};
			buildConfigurationList = C175FD28193CE32A00CE7C66 /* Build configuration list for PBXProject "UTARadioIphone" */;
			compatibilityVersion = "Xcode 3.2";
			developmentRegion = English;
			hasScannedForEncodings = 0;
			knownRegions = (
				en,
			);
			mainGroup = C175FD24193CE32A00CE7C66;
			productRefGroup = C175FD2E193CE32B00CE7C66 /* Products */;
			projectDirPath = "";
			projectRoot = "";
			targets = (
				C175FD2C193CE32B00CE7C66 /* UTARadioIphone */,
				C175FD47193CE32B00CE7C66 /* UTARadioIphoneTests */,
			);
		};
/* End PBXProject section */

/* Begin PBXResourcesBuildPhase section */
		C175FD2B193CE32B00CE7C66 /* Resources */ = {
			isa = PBXResourcesBuildPhase;
			buildActionMask = 2147483647;
			files = (
				C175FD3B193CE32B00CE7C66 /* InfoPlist.strings in Resources */,
				C1A9ECFB193FFA6A0034B3C5 /* uta_radio_logo_transparent.png in Resources */,
				C175FD7B193D059200CE7C66 /* StaffViewController.xib in Resources */,
				C1F00F9C193D1C6500135240 /* HomeViewController.xib in Resources */,
				C1AEDE19193EF8E400067348 /* SocialViewController.xib in Resources */,
				C1A9ECF2193FEEC60034B3C5 /* ContactUsViewController.xib in Resources */,
				C1A9ECF6193FF7B00034B3C5 /* fb_logo_50.png in Resources */,
				C175FD75193D038600CE7C66 /* SongRequestViewController.xib in Resources */,
				C175FD43193CE32B00CE7C66 /* Images.xcassets in Resources */,
				C1A9ECF8193FF8450034B3C5 /* Twitter_logo_blue.png in Resources */,
			);
			runOnlyForDeploymentPostprocessing = 0;
		};
		C175FD46193CE32B00CE7C66 /* Resources */ = {
			isa = PBXResourcesBuildPhase;
			buildActionMask = 2147483647;
			files = (
				C175FD54193CE32B00CE7C66 /* InfoPlist.strings in Resources */,
			);
			runOnlyForDeploymentPostprocessing = 0;
		};
/* End PBXResourcesBuildPhase section */

/* Begin PBXSourcesBuildPhase section */
		C175FD29193CE32B00CE7C66 /* Sources */ = {
			isa = PBXSourcesBuildPhase;
			buildActionMask = 2147483647;
			files = (
				C175FD61193CF09000CE7C66 /* SwipeTableViewController.m in Sources */,
				C175FD7A193D059200CE7C66 /* StaffViewController.m in Sources */,
				C1B04A6D193D2CB100B9A7F1 /* AudioPlayerSingleton.m in Sources */,
				C1B15048194031CD005656E2 /* ParseKey.m in Sources */,
				C1A9ECF1193FEEC60034B3C5 /* ContactUsViewController.m in Sources */,
				C1AB84ED1940F76A00F2FEAD /* MarqueeLabel.m in Sources */,
				C1AEDE18193EF8E400067348 /* SocialViewController.m in Sources */,
				C1B1508F19404DA1005656E2 /* XMLReader.m in Sources */,
				C175FD41193CE32B00CE7C66 /* AppDelegate.m in Sources */,
				C175FD3D193CE32B00CE7C66 /* main.m in Sources */,
				C175FD74193D038600CE7C66 /* SongRequestViewController.m in Sources */,
				C1F00F9B193D1C6500135240 /* HomeViewController.m in Sources */,
			);
			runOnlyForDeploymentPostprocessing = 0;
		};
		C175FD44193CE32B00CE7C66 /* Sources */ = {
			isa = PBXSourcesBuildPhase;
			buildActionMask = 2147483647;
			files = (
				C175FD56193CE32B00CE7C66 /* UTARadioIphoneTests.m in Sources */,
			);
			runOnlyForDeploymentPostprocessing = 0;
		};
/* End PBXSourcesBuildPhase section */

/* Begin PBXTargetDependency section */
		C175FD4E193CE32B00CE7C66 /* PBXTargetDependency */ = {
			isa = PBXTargetDependency;
			target = C175FD2C193CE32B00CE7C66 /* UTARadioIphone */;
			targetProxy = C175FD4D193CE32B00CE7C66 /* PBXContainerItemProxy */;
		};
/* End PBXTargetDependency section */

/* Begin PBXVariantGroup section */
		C175FD39193CE32B00CE7C66 /* InfoPlist.strings */ = {
			isa = PBXVariantGroup;
			children = (
				C175FD3A193CE32B00CE7C66 /* en */,
			);
			name = InfoPlist.strings;
			sourceTree = "<group>";
		};
		C175FD52193CE32B00CE7C66 /* InfoPlist.strings */ = {
			isa = PBXVariantGroup;
			children = (
				C175FD53193CE32B00CE7C66 /* en */,
			);
			name = InfoPlist.strings;
			sourceTree = "<group>";
		};
/* End PBXVariantGroup section */

/* Begin XCBuildConfiguration section */
		C175FD57193CE32B00CE7C66 /* Debug */ = {
			isa = XCBuildConfiguration;
			buildSettings = {
				ALWAYS_SEARCH_USER_PATHS = NO;
				CLANG_CXX_LANGUAGE_STANDARD = "gnu++0x";
				CLANG_CXX_LIBRARY = "libc++";
				CLANG_ENABLE_MODULES = YES;
				CLANG_ENABLE_OBJC_ARC = YES;
				CLANG_WARN_BOOL_CONVERSION = YES;
				CLANG_WARN_CONSTANT_CONVERSION = YES;
				CLANG_WARN_DIRECT_OBJC_ISA_USAGE = YES_ERROR;
				CLANG_WARN_EMPTY_BODY = YES;
				CLANG_WARN_ENUM_CONVERSION = YES;
				CLANG_WARN_INT_CONVERSION = YES;
				CLANG_WARN_OBJC_ROOT_CLASS = YES_ERROR;
				CLANG_WARN__DUPLICATE_METHOD_MATCH = YES;
				"CODE_SIGN_IDENTITY[sdk=iphoneos*]" = "iPhone Developer";
				COPY_PHASE_STRIP = NO;
				GCC_C_LANGUAGE_STANDARD = gnu99;
				GCC_DYNAMIC_NO_PIC = NO;
				GCC_OPTIMIZATION_LEVEL = 0;
				GCC_PREPROCESSOR_DEFINITIONS = (
					"DEBUG=1",
					"$(inherited)",
				);
				GCC_SYMBOLS_PRIVATE_EXTERN = NO;
				GCC_WARN_64_TO_32_BIT_CONVERSION = YES;
				GCC_WARN_ABOUT_RETURN_TYPE = YES_ERROR;
				GCC_WARN_UNDECLARED_SELECTOR = YES;
				GCC_WARN_UNINITIALIZED_AUTOS = YES_AGGRESSIVE;
				GCC_WARN_UNUSED_FUNCTION = YES;
				GCC_WARN_UNUSED_VARIABLE = YES;
				IPHONEOS_DEPLOYMENT_TARGET = 7.1;
				ONLY_ACTIVE_ARCH = YES;
				SDKROOT = iphoneos;
			};
			name = Debug;
		};
		C175FD58193CE32B00CE7C66 /* Release */ = {
			isa = XCBuildConfiguration;
			buildSettings = {
				ALWAYS_SEARCH_USER_PATHS = NO;
				CLANG_CXX_LANGUAGE_STANDARD = "gnu++0x";
				CLANG_CXX_LIBRARY = "libc++";
				CLANG_ENABLE_MODULES = YES;
				CLANG_ENABLE_OBJC_ARC = YES;
				CLANG_WARN_BOOL_CONVERSION = YES;
				CLANG_WARN_CONSTANT_CONVERSION = YES;
				CLANG_WARN_DIRECT_OBJC_ISA_USAGE = YES_ERROR;
				CLANG_WARN_EMPTY_BODY = YES;
				CLANG_WARN_ENUM_CONVERSION = YES;
				CLANG_WARN_INT_CONVERSION = YES;
				CLANG_WARN_OBJC_ROOT_CLASS = YES_ERROR;
				CLANG_WARN__DUPLICATE_METHOD_MATCH = YES;
				"CODE_SIGN_IDENTITY[sdk=iphoneos*]" = "iPhone Developer";
				COPY_PHASE_STRIP = YES;
				ENABLE_NS_ASSERTIONS = NO;
				GCC_C_LANGUAGE_STANDARD = gnu99;
				GCC_WARN_64_TO_32_BIT_CONVERSION = YES;
				GCC_WARN_ABOUT_RETURN_TYPE = YES_ERROR;
				GCC_WARN_UNDECLARED_SELECTOR = YES;
				GCC_WARN_UNINITIALIZED_AUTOS = YES_AGGRESSIVE;
				GCC_WARN_UNUSED_FUNCTION = YES;
				GCC_WARN_UNUSED_VARIABLE = YES;
				IPHONEOS_DEPLOYMENT_TARGET = 7.1;
				SDKROOT = iphoneos;
				VALIDATE_PRODUCT = YES;
			};
			name = Release;
		};
		C175FD5A193CE32B00CE7C66 /* Debug */ = {
			isa = XCBuildConfiguration;
			buildSettings = {
				ASSETCATALOG_COMPILER_APPICON_NAME = AppIcon;
				ASSETCATALOG_COMPILER_LAUNCHIMAGE_NAME = LaunchImage;
				CODE_SIGN_IDENTITY = "iPhone Developer";
				FRAMEWORK_SEARCH_PATHS = (
					"$(inherited)",
					"$(PROJECT_DIR)",
				);
				GCC_PRECOMPILE_PREFIX_HEADER = YES;
				GCC_PREFIX_HEADER = "UTARadioIphone/UTARadioIphone-Prefix.pch";
				INFOPLIST_FILE = "UTARadioIphone/UTARadioIphone-Info.plist";
				IPHONEOS_DEPLOYMENT_TARGET = 7.1;
				PRODUCT_NAME = "$(TARGET_NAME)";
				TARGETED_DEVICE_FAMILY = "1,2";
				WRAPPER_EXTENSION = app;
			};
			name = Debug;
		};
		C175FD5B193CE32B00CE7C66 /* Release */ = {
			isa = XCBuildConfiguration;
			buildSettings = {
				ASSETCATALOG_COMPILER_APPICON_NAME = AppIcon;
				ASSETCATALOG_COMPILER_LAUNCHIMAGE_NAME = LaunchImage;
				CODE_SIGN_IDENTITY = "iPhone Developer";
				FRAMEWORK_SEARCH_PATHS = (
					"$(inherited)",
					"$(PROJECT_DIR)",
				);
				GCC_PRECOMPILE_PREFIX_HEADER = YES;
				GCC_PREFIX_HEADER = "UTARadioIphone/UTARadioIphone-Prefix.pch";
				INFOPLIST_FILE = "UTARadioIphone/UTARadioIphone-Info.plist";
				IPHONEOS_DEPLOYMENT_TARGET = 7.1;
				PRODUCT_NAME = "$(TARGET_NAME)";
				TARGETED_DEVICE_FAMILY = "1,2";
				WRAPPER_EXTENSION = app;
			};
			name = Release;
		};
		C175FD5D193CE32B00CE7C66 /* Debug */ = {
			isa = XCBuildConfiguration;
			buildSettings = {
				BUNDLE_LOADER = "$(BUILT_PRODUCTS_DIR)/UTARadioIphone.app/UTARadioIphone";
				FRAMEWORK_SEARCH_PATHS = (
					"$(SDKROOT)/Developer/Library/Frameworks",
					"$(inherited)",
					"$(DEVELOPER_FRAMEWORKS_DIR)",
				);
				GCC_PRECOMPILE_PREFIX_HEADER = YES;
				GCC_PREFIX_HEADER = "UTARadioIphone/UTARadioIphone-Prefix.pch";
				GCC_PREPROCESSOR_DEFINITIONS = (
					"DEBUG=1",
					"$(inherited)",
				);
				INFOPLIST_FILE = "UTARadioIphoneTests/UTARadioIphoneTests-Info.plist";
				PRODUCT_NAME = "$(TARGET_NAME)";
				TEST_HOST = "$(BUNDLE_LOADER)";
				WRAPPER_EXTENSION = xctest;
			};
			name = Debug;
		};
		C175FD5E193CE32B00CE7C66 /* Release */ = {
			isa = XCBuildConfiguration;
			buildSettings = {
				BUNDLE_LOADER = "$(BUILT_PRODUCTS_DIR)/UTARadioIphone.app/UTARadioIphone";
				FRAMEWORK_SEARCH_PATHS = (
					"$(SDKROOT)/Developer/Library/Frameworks",
					"$(inherited)",
					"$(DEVELOPER_FRAMEWORKS_DIR)",
				);
				GCC_PRECOMPILE_PREFIX_HEADER = YES;
				GCC_PREFIX_HEADER = "UTARadioIphone/UTARadioIphone-Prefix.pch";
				INFOPLIST_FILE = "UTARadioIphoneTests/UTARadioIphoneTests-Info.plist";
				PRODUCT_NAME = "$(TARGET_NAME)";
				TEST_HOST = "$(BUNDLE_LOADER)";
				WRAPPER_EXTENSION = xctest;
			};
			name = Release;
		};
/* End XCBuildConfiguration section */

/* Begin XCConfigurationList section */
		C175FD28193CE32A00CE7C66 /* Build configuration list for PBXProject "UTARadioIphone" */ = {
			isa = XCConfigurationList;
			buildConfigurations = (
				C175FD57193CE32B00CE7C66 /* Debug */,
				C175FD58193CE32B00CE7C66 /* Release */,
			);
			defaultConfigurationIsVisible = 0;
			defaultConfigurationName = Release;
		};
		C175FD59193CE32B00CE7C66 /* Build configuration list for PBXNativeTarget "UTARadioIphone" */ = {
			isa = XCConfigurationList;
			buildConfigurations = (
				C175FD5A193CE32B00CE7C66 /* Debug */,
				C175FD5B193CE32B00CE7C66 /* Release */,
			);
			defaultConfigurationIsVisible = 0;
			defaultConfigurationName = Release;
		};
		C175FD5C193CE32B00CE7C66 /* Build configuration list for PBXNativeTarget "UTARadioIphoneTests" */ = {
			isa = XCConfigurationList;
			buildConfigurations = (
				C175FD5D193CE32B00CE7C66 /* Debug */,
				C175FD5E193CE32B00CE7C66 /* Release */,
			);
			defaultConfigurationIsVisible = 0;
			defaultConfigurationName = Release;
		};
/* End XCConfigurationList section */
	};
	rootObject = C175FD25193CE32A00CE7C66 /* Project object */;
}
